
Microsoft Visual Studio Solution File, Format Version 12.00
# Visual Studio Version 17
VisualStudioVersion = 17.0.31903.59
MinimumVisualStudioVersion = 10.0.40219.1
Project("{FAE04EC0-301F-11D3-BF4B-00C04F79EFBC}") = "Api", "api\Api.csproj", "{BAFB3D16-2D93-4DDA-887F-A5405F2A41A8}"
EndProject
Project("{FAE04EC0-301F-11D3-BF4B-00C04F79EFBC}") = "Infrastructure", "Infrastructure\Infrastructure.csproj", "{C715543F-10A8-4050-9185-F356D7953A02}"
EndProject
Project("{FAE04EC0-301F-11D3-BF4B-00C04F79EFBC}") = "Core", "Core\Core.csproj", "{5D7B8D09-4638-4DF7-8CA7-11B340AB7915}"
EndProject
Global
	GlobalSection(SolutionConfigurationPlatforms) = preSolution
		Debug|Any CPU = Debug|Any CPU
		Release|Any CPU = Release|Any CPU
	EndGlobalSection
	GlobalSection(SolutionProperties) = preSolution
		HideSolutionNode = FALSE
	EndGlobalSection
	GlobalSection(ProjectConfigurationPlatforms) = postSolution
		{BAFB3D16-2D93-4DDA-887F-A5405F2A41A8}.Debug|Any CPU.ActiveCfg = Debug|Any CPU
		{BAFB3D16-2D93-4DDA-887F-A5405F2A41A8}.Debug|Any CPU.Build.0 = Debug|Any CPU
		{BAFB3D16-2D93-4DDA-887F-A5405F2A41A8}.Release|Any CPU.ActiveCfg = Release|Any CPU
		{BAFB3D16-2D93-4DDA-887F-A5405F2A41A8}.Release|Any CPU.Build.0 = Release|Any CPU
		{C715543F-10A8-4050-9185-F356D7953A02}.Debug|Any CPU.ActiveCfg = Debug|Any CPU
		{C715543F-10A8-4050-9185-F356D7953A02}.Debug|Any CPU.Build.0 = Debug|Any CPU
		{C715543F-10A8-4050-9185-F356D7953A02}.Release|Any CPU.ActiveCfg = Release|Any CPU
		{C715543F-10A8-4050-9185-F356D7953A02}.Release|Any CPU.Build.0 = Release|Any CPU
		{5D7B8D09-4638-4DF7-8CA7-11B340AB7915}.Debug|Any CPU.ActiveCfg = Debug|Any CPU
		{5D7B8D09-4638-4DF7-8CA7-11B340AB7915}.Debug|Any CPU.Build.0 = Debug|Any CPU
		{5D7B8D09-4638-4DF7-8CA7-11B340AB7915}.Release|Any CPU.ActiveCfg = Release|Any CPU
		{5D7B8D09-4638-4DF7-8CA7-11B340AB7915}.Release|Any CPU.Build.0 = Release|Any CPU
	EndGlobalSection
EndGlobal
