{
  "name": "GreaterIrbid",
  "lockfileVersion": 3,
  "requires": true,
  "packages": {
    "": {
      "dependencies": {
        "@angular/common": "^18.0.1",
        "@angular/core": "^18.0.1",
        "@angular/platform-browser": "^18.0.1",
        "@angular/platform-browser-dynamic": "^18.0.1"
      }
    },
    "node_modules/@angular/common": {
      "version": "18.0.1",
      "resolved": "https://registry.npmjs.org/@angular/common/-/common-18.0.1.tgz",
      "integrity": "sha512-iADQC5m4fvk+VNXEoU1KR93b0eG218/GuNdzUNVJHcjxdFxPshKk5fiaGSosUCxXPRQOxDKzmS9EDang87E/Ew==",
      "license": "MIT",
      "dependencies": {
        "tslib": "^2.3.0"
      },
      "engines": {
        "node": "^18.13.0 || >=20.9.0"
      },
      "peerDependencies": {
        "@angular/core": "18.0.1",
        "rxjs": "^6.5.3 || ^7.4.0"
      }
    },
    "node_modules/@angular/core": {
      "version": "18.0.1",
      "resolved": "https://registry.npmjs.org/@angular/core/-/core-18.0.1.tgz",
      "integrity": "sha512-Db1livvugoLdLsWww5IqUS5v+yUN7/5Rj0trZv9BgxIuoNtoipfLqKHwZWpumH3yI5Ucu+UH9zZ1mlGyF0Kexw==",
      "license": "MIT",
      "dependencies": {
        "tslib": "^2.3.0"
      },
      "engines": {
        "node": "^18.13.0 || >=20.9.0"
      },
      "peerDependencies": {
        "rxjs": "^6.5.3 || ^7.4.0",
        "zone.js": "~0.14.0"
      }
    },
    "node_modules/@angular/platform-browser": {
      "version": "18.0.1",
      "resolved": "https://registry.npmjs.org/@angular/platform-browser/-/platform-browser-18.0.1.tgz",
      "integrity": "sha512-rQUsOxZxiwSPvyHdne60IKIGsvFoVc1rO4mDyXU+9sCCLmPKHzNyEzp7vybTZeiqa3k6v3sV/bfHWwrRzmvenw==",
      "license": "MIT",
      "dependencies": {
        "tslib": "^2.3.0"
      },
      "engines": {
        "node": "^18.13.0 || >=20.9.0"
      },
      "peerDependencies": {
        "@angular/animations": "18.0.1",
        "@angular/common": "18.0.1",
        "@angular/core": "18.0.1"
      },
      "peerDependenciesMeta": {
        "@angular/animations": {
          "optional": true
        }
      }
    },
    "node_modules/@angular/platform-browser-dynamic": {
      "version": "18.0.1",
      "resolved": "https://registry.npmjs.org/@angular/platform-browser-dynamic/-/platform-browser-dynamic-18.0.1.tgz",
      "integrity": "sha512-lzjq7HjigGxO5oh5Sw0Vxa3mAVidYHpHFQr46/OSl9T5jLpStcjEqK0xcfQz9bf2hV+0qFfMqmd2k0XQl7feqg==",
      "license": "MIT",
      "dependencies": {
        "tslib": "^2.3.0"
      },
      "engines": {
        "node": "^18.13.0 || >=20.9.0"
      },
      "peerDependencies": {
        "@angular/common": "18.0.1",
        "@angular/compiler": "18.0.1",
        "@angular/core": "18.0.1",
        "@angular/platform-browser": "18.0.1"
      }
    },
    "node_modules/tslib": {
      "version": "2.6.3",
      "resolved": "https://registry.npmjs.org/tslib/-/tslib-2.6.3.tgz",
      "integrity": "sha512-xNvxJEOUiWPGhUuUdQgAJPKOOJfGnIyKySOc09XkKsgdUV/3E2zvwZYdejjmRgPCgcym1juLH3226yA7sEFJKQ==",
      "license": "0BSD"
    }
  }
}
